
Microsoft Visual Studio Solution File, Format Version 12.00
# Visual Studio Version 16
VisualStudioVersion = 16.0.29613.14
MinimumVisualStudioVersion = 10.0.40219.1
Project("{FAE04EC0-301F-11D3-BF4B-00C04F79EFBC}") = "Producer", "Producer\Producer.csproj", "{89FCD6B4-E2DC-40BC-8910-606ECD84602E}"
EndProject
Project("{FAE04EC0-301F-11D3-BF4B-00C04F79EFBC}") = "Consumer", "Consumer\Consumer.csproj", "{69F2932C-A222-46E3-BF52-38D9B488ECF8}"
EndProject
Global
	GlobalSection(SolutionConfigurationPlatforms) = preSolution
		Debug|Any CPU = Debug|Any CPU
		Release|Any CPU = Release|Any CPU
	EndGlobalSection
	GlobalSection(ProjectConfigurationPlatforms) = postSolution
		{89FCD6B4-E2DC-40BC-8910-606ECD84602E}.Debug|Any CPU.ActiveCfg = Debug|Any CPU
		{89FCD6B4-E2DC-40BC-8910-606ECD84602E}.Debug|Any CPU.Build.0 = Debug|Any CPU
		{89FCD6B4-E2DC-40BC-8910-606ECD84602E}.Release|Any CPU.ActiveCfg = Release|Any CPU
		{89FCD6B4-E2DC-40BC-8910-606ECD84602E}.Release|Any CPU.Build.0 = Release|Any CPU
		{69F2932C-A222-46E3-BF52-38D9B488ECF8}.Debug|Any CPU.ActiveCfg = Debug|Any CPU
		{69F2932C-A222-46E3-BF52-38D9B488ECF8}.Debug|Any CPU.Build.0 = Debug|Any CPU
		{69F2932C-A222-46E3-BF52-38D9B488ECF8}.Release|Any CPU.ActiveCfg = Release|Any CPU
		{69F2932C-A222-46E3-BF52-38D9B488ECF8}.Release|Any CPU.Build.0 = Release|Any CPU
	EndGlobalSection
	GlobalSection(SolutionProperties) = preSolution
		HideSolutionNode = FALSE
	EndGlobalSection
	GlobalSection(ExtensibilityGlobals) = postSolution
		SolutionGuid = {DB187792-F3A5-4F74-9BF0-3010F9B772C2}
	EndGlobalSection
EndGlobal
